// !$*UTF8*$!
{
	archiveVersion = 1;
	classes = {
	};
	objectVersion = 46;
	objects = {

/* Begin PBXBuildFile section */
		1D3623260D0F684500981E51 /* BasReliefAppDelegate.m in Sources */ = {isa = PBXBuildFile; fileRef = 1D3623250D0F684500981E51 /* BasReliefAppDelegate.m */; };
		1D60589B0D05DD56006BFB54 /* main.m in Sources */ = {isa = PBXBuildFile; fileRef = 29B97316FDCFA39411CA2CEA /* main.m */; };
		1D60589F0D05DD5A006BFB54 /* Foundation.framework in Frameworks */ = {isa = PBXBuildFile; fileRef = 1D30AB110D05D00D00671497 /* Foundation.framework */; };
		1DF5F4E00D08C38300B7A737 /* UIKit.framework in Frameworks */ = {isa = PBXBuildFile; fileRef = 1DF5F4DF0D08C38300B7A737 /* UIKit.framework */; };
		288765A50DF7441C002DB57D /* CoreGraphics.framework in Frameworks */ = {isa = PBXBuildFile; fileRef = 288765A40DF7441C002DB57D /* CoreGraphics.framework */; };
		28AD733F0D9D9553002E5188 /* MainWindow.xib in Resources */ = {isa = PBXBuildFile; fileRef = 28AD733E0D9D9553002E5188 /* MainWindow.xib */; };
		28D7ACF80DDB3853001CB0EB /* MainMenuViewController.m in Sources */ = {isa = PBXBuildFile; fileRef = 28D7ACF70DDB3853001CB0EB /* MainMenuViewController.m */; };
		770921510FF668AD001E8115 /* BasReliefRendering.m in Sources */ = {isa = PBXBuildFile; fileRef = 770921500FF668AD001E8115 /* BasReliefRendering.m */; };
		771AA96C0F34BE2500E5055D /* Icon.png in Resources */ = {isa = PBXBuildFile; fileRef = 771AA96B0F34BE2500E5055D /* Icon.png */; };
		771AA9720F34C09400E5055D /* Default.png in Resources */ = {isa = PBXBuildFile; fileRef = 771AA9710F34C09400E5055D /* Default.png */; };
		774C49F10FE73F06009821E2 /* RenderViewController.m in Sources */ = {isa = PBXBuildFile; fileRef = 774C49F00FE73F06009821E2 /* RenderViewController.m */; };
		775A630A0F51120F00E4BF1D /* sandstone.png in Resources */ = {isa = PBXBuildFile; fileRef = 775A63090F51120F00E4BF1D /* sandstone.png */; };
		777855A71041A24700CDFB22 /* RenderView.m in Sources */ = {isa = PBXBuildFile; fileRef = 777855A61041A24700CDFB22 /* RenderView.m */; };
		77826613177BA15B00694299 /* Default-568h@2x.png in Resources */ = {isa = PBXBuildFile; fileRef = 77826612177BA15B00694299 /* Default-568h@2x.png */; };
		7795D845102B007400B4CB1C /* LightSource.c in Sources */ = {isa = PBXBuildFile; fileRef = 7795D844102B007400B4CB1C /* LightSource.c */; };
		77B0FAA3107A7CA900C6C9CB /* MainMenuViewController.xib in Resources */ = {isa = PBXBuildFile; fileRef = 2899E5210DE3E06400AC0155 /* MainMenuViewController.xib */; };
		77D4D6C910310D6F0049D8CC /* BasReliefMaterial.m in Sources */ = {isa = PBXBuildFile; fileRef = 77D4D6C810310D6F0049D8CC /* BasReliefMaterial.m */; };
		77D807C90F2AB7C700ACFE7E /* OpenGLRenderView.m in Sources */ = {isa = PBXBuildFile; fileRef = 77D807C80F2AB7C700ACFE7E /* OpenGLRenderView.m */; };
		77D808060F2ABA0700ACFE7E /* RenderViewController.xib in Resources */ = {isa = PBXBuildFile; fileRef = 77D808050F2ABA0700ACFE7E /* RenderViewController.xib */; };
		77D808950F2ABEB000ACFE7E /* OpenGLES.framework in Frameworks */ = {isa = PBXBuildFile; fileRef = 77D808940F2ABEB000ACFE7E /* OpenGLES.framework */; };
		77D8089F0F2ABF4700ACFE7E /* QuartzCore.framework in Frameworks */ = {isa = PBXBuildFile; fileRef = 77D8089E0F2ABF4700ACFE7E /* QuartzCore.framework */; };
		77DE97C110246059000153F3 /* BitmapAccessor.m in Sources */ = {isa = PBXBuildFile; fileRef = 77DE97BE10246059000153F3 /* BitmapAccessor.m */; };
		77DE97C210246059000153F3 /* brgreom.c in Sources */ = {isa = PBXBuildFile; fileRef = 77DE97C010246059000153F3 /* brgreom.c */; };
/* End PBXBuildFile section */

/* Begin PBXFileReference section */
		1D30AB110D05D00D00671497 /* Foundation.framework */ = {isa = PBXFileReference; lastKnownFileType = wrapper.framework; name = Foundation.framework; path = System/Library/Frameworks/Foundation.framework; sourceTree = SDKROOT; };
		1D3623240D0F684500981E51 /* BasReliefAppDelegate.h */ = {isa = PBXFileReference; fileEncoding = 4; lastKnownFileType = sourcecode.c.h; path = BasReliefAppDelegate.h; sourceTree = "<group>"; };
		1D3623250D0F684500981E51 /* BasReliefAppDelegate.m */ = {isa = PBXFileReference; fileEncoding = 4; lastKnownFileType = sourcecode.c.objc; path = BasReliefAppDelegate.m; sourceTree = "<group>"; };
		1D6058910D05DD3D006BFB54 /* BasRelief.app */ = {isa = PBXFileReference; explicitFileType = wrapper.application; includeInIndex = 0; path = BasRelief.app; sourceTree = BUILT_PRODUCTS_DIR; };
		1DF5F4DF0D08C38300B7A737 /* UIKit.framework */ = {isa = PBXFileReference; lastKnownFileType = wrapper.framework; name = UIKit.framework; path = System/Library/Frameworks/UIKit.framework; sourceTree = SDKROOT; };
		288765A40DF7441C002DB57D /* CoreGraphics.framework */ = {isa = PBXFileReference; lastKnownFileType = wrapper.framework; name = CoreGraphics.framework; path = System/Library/Frameworks/CoreGraphics.framework; sourceTree = SDKROOT; };
		2899E5210DE3E06400AC0155 /* MainMenuViewController.xib */ = {isa = PBXFileReference; lastKnownFileType = file.xib; path = MainMenuViewController.xib; sourceTree = "<group>"; };
		28AD733E0D9D9553002E5188 /* MainWindow.xib */ = {isa = PBXFileReference; lastKnownFileType = file.xib; path = MainWindow.xib; sourceTree = "<group>"; };
		28D7ACF60DDB3853001CB0EB /* MainMenuViewController.h */ = {isa = PBXFileReference; fileEncoding = 4; lastKnownFileType = sourcecode.c.h; path = MainMenuViewController.h; sourceTree = "<group>"; };
		28D7ACF70DDB3853001CB0EB /* MainMenuViewController.m */ = {isa = PBXFileReference; fileEncoding = 4; lastKnownFileType = sourcecode.c.objc; path = MainMenuViewController.m; sourceTree = "<group>"; };
		29B97316FDCFA39411CA2CEA /* main.m */ = {isa = PBXFileReference; fileEncoding = 4; lastKnownFileType = sourcecode.c.objc; path = main.m; sourceTree = "<group>"; };
		32CA4F630368D1EE00C91783 /* BasRelief_Prefix.pch */ = {isa = PBXFileReference; fileEncoding = 4; lastKnownFileType = sourcecode.c.h; path = BasRelief_Prefix.pch; sourceTree = "<group>"; };
		7709214F0FF668AD001E8115 /* BasReliefRendering.h */ = {isa = PBXFileReference; fileEncoding = 4; lastKnownFileType = sourcecode.c.h; path = BasReliefRendering.h; sourceTree = "<group>"; };
		770921500FF668AD001E8115 /* BasReliefRendering.m */ = {isa = PBXFileReference; fileEncoding = 4; lastKnownFileType = sourcecode.c.objc; path = BasReliefRendering.m; sourceTree = "<group>"; };
		771AA96B0F34BE2500E5055D /* Icon.png */ = {isa = PBXFileReference; lastKnownFileType = image.png; path = Icon.png; sourceTree = "<group>"; };
		771AA9710F34C09400E5055D /* Default.png */ = {isa = PBXFileReference; lastKnownFileType = image.png; path = Default.png; sourceTree = "<group>"; };
		774C49EF0FE73F06009821E2 /* RenderViewController.h */ = {isa = PBXFileReference; fileEncoding = 4; lastKnownFileType = sourcecode.c.h; path = RenderViewController.h; sourceTree = "<group>"; };
		774C49F00FE73F06009821E2 /* RenderViewController.m */ = {isa = PBXFileReference; fileEncoding = 4; lastKnownFileType = sourcecode.c.objc; path = RenderViewController.m; sourceTree = "<group>"; };
		775A63090F51120F00E4BF1D /* sandstone.png */ = {isa = PBXFileReference; lastKnownFileType = image.png; path = sandstone.png; sourceTree = "<group>"; };
		777855A51041A24700CDFB22 /* RenderView.h */ = {isa = PBXFileReference; fileEncoding = 4; lastKnownFileType = sourcecode.c.h; path = RenderView.h; sourceTree = "<group>"; };
		777855A61041A24700CDFB22 /* RenderView.m */ = {isa = PBXFileReference; fileEncoding = 4; lastKnownFileType = sourcecode.c.objc; path = RenderView.m; sourceTree = "<group>"; };
		778026E30FE513DA00388B98 /* RenderViewControllerDelegate.h */ = {isa = PBXFileReference; fileEncoding = 4; lastKnownFileType = sourcecode.c.h; path = RenderViewControllerDelegate.h; sourceTree = "<group>"; };
		77826612177BA15B00694299 /* Default-568h@2x.png */ = {isa = PBXFileReference; lastKnownFileType = image.png; path = "Default-568h@2x.png"; sourceTree = "<group>"; };
		7795D843102B007400B4CB1C /* LightSource.h */ = {isa = PBXFileReference; fileEncoding = 4; lastKnownFileType = sourcecode.c.h; path = LightSource.h; sourceTree = "<group>"; };
		7795D844102B007400B4CB1C /* LightSource.c */ = {isa = PBXFileReference; fileEncoding = 4; lastKnownFileType = sourcecode.c.c; path = LightSource.c; sourceTree = "<group>"; };
		77D4D6C710310D6F0049D8CC /* BasReliefMaterial.h */ = {isa = PBXFileReference; fileEncoding = 4; lastKnownFileType = sourcecode.c.h; path = BasReliefMaterial.h; sourceTree = "<group>"; };
		77D4D6C810310D6F0049D8CC /* BasReliefMaterial.m */ = {isa = PBXFileReference; fileEncoding = 4; lastKnownFileType = sourcecode.c.objc; path = BasReliefMaterial.m; sourceTree = "<group>"; };
		77D807C70F2AB7C700ACFE7E /* OpenGLRenderView.h */ = {isa = PBXFileReference; fileEncoding = 4; lastKnownFileType = sourcecode.c.h; path = OpenGLRenderView.h; sourceTree = "<group>"; };
		77D807C80F2AB7C700ACFE7E /* OpenGLRenderView.m */ = {isa = PBXFileReference; fileEncoding = 4; lastKnownFileType = sourcecode.c.objc; path = OpenGLRenderView.m; sourceTree = "<group>"; };
		77D808050F2ABA0700ACFE7E /* RenderViewController.xib */ = {isa = PBXFileReference; lastKnownFileType = file.xib; path = RenderViewController.xib; sourceTree = "<group>"; };
		77D808940F2ABEB000ACFE7E /* OpenGLES.framework */ = {isa = PBXFileReference; lastKnownFileType = wrapper.framework; name = OpenGLES.framework; path = System/Library/Frameworks/OpenGLES.framework; sourceTree = SDKROOT; };
		77D8089E0F2ABF4700ACFE7E /* QuartzCore.framework */ = {isa = PBXFileReference; lastKnownFileType = wrapper.framework; name = QuartzCore.framework; path = System/Library/Frameworks/QuartzCore.framework; sourceTree = SDKROOT; };
		77DE97BD10246059000153F3 /* BitmapAccessor.h */ = {isa = PBXFileReference; fileEncoding = 4; lastKnownFileType = sourcecode.c.h; path = BitmapAccessor.h; sourceTree = "<group>"; };
		77DE97BE10246059000153F3 /* BitmapAccessor.m */ = {isa = PBXFileReference; fileEncoding = 4; lastKnownFileType = sourcecode.c.objc; path = BitmapAccessor.m; sourceTree = "<group>"; };
		77DE97BF10246059000153F3 /* brgeom.h */ = {isa = PBXFileReference; fileEncoding = 4; lastKnownFileType = sourcecode.c.h; path = brgeom.h; sourceTree = "<group>"; };
		77DE97C010246059000153F3 /* brgreom.c */ = {isa = PBXFileReference; fileEncoding = 4; lastKnownFileType = sourcecode.c.c; path = brgreom.c; sourceTree = "<group>"; };
		8D1107310486CEB800E47090 /* Info.plist */ = {isa = PBXFileReference; fileEncoding = 4; lastKnownFileType = text.plist.xml; path = Info.plist; sourceTree = "<group>"; };
/* End PBXFileReference section */

/* Begin PBXFrameworksBuildPhase section */
		1D60588F0D05DD3D006BFB54 /* Frameworks */ = {
			isa = PBXFrameworksBuildPhase;
			buildActionMask = 2147483647;
			files = (
				1D60589F0D05DD5A006BFB54 /* Foundation.framework in Frameworks */,
				1DF5F4E00D08C38300B7A737 /* UIKit.framework in Frameworks */,
				288765A50DF7441C002DB57D /* CoreGraphics.framework in Frameworks */,
				77D808950F2ABEB000ACFE7E /* OpenGLES.framework in Frameworks */,
				77D8089F0F2ABF4700ACFE7E /* QuartzCore.framework in Frameworks */,
			);
			runOnlyForDeploymentPostprocessing = 0;
		};
/* End PBXFrameworksBuildPhase section */

/* Begin PBXGroup section */
		080E96DDFE201D6D7F000001 /* Classes */ = {
			isa = PBXGroup;
			children = (
				77942552102FA37F00EE9063 /* Controller */,
				77942551102FA34F00EE9063 /* View */,
				77942550102FA33A00EE9063 /* Model */,
				1D3623240D0F684500981E51 /* BasReliefAppDelegate.h */,
				1D3623250D0F684500981E51 /* BasReliefAppDelegate.m */,
				778026E30FE513DA00388B98 /* RenderViewControllerDelegate.h */,
			);
			path = Classes;
			sourceTree = "<group>";
		};
		19C28FACFE9D520D11CA2CBB /* Products */ = {
			isa = PBXGroup;
			children = (
				1D6058910D05DD3D006BFB54 /* BasRelief.app */,
			);
			name = Products;
			sourceTree = "<group>";
		};
		29B97314FDCFA39411CA2CEA /* CustomTemplate */ = {
			isa = PBXGroup;
			children = (
				77DE97BC10246059000153F3 /* Source */,
				080E96DDFE201D6D7F000001 /* Classes */,
				29B97315FDCFA39411CA2CEA /* Other Sources */,
				29B97317FDCFA39411CA2CEA /* Resources */,
				29B97323FDCFA39411CA2CEA /* Frameworks */,
				19C28FACFE9D520D11CA2CBB /* Products */,
			);
			name = CustomTemplate;
			sourceTree = "<group>";
		};
		29B97315FDCFA39411CA2CEA /* Other Sources */ = {
			isa = PBXGroup;
			children = (
				32CA4F630368D1EE00C91783 /* BasRelief_Prefix.pch */,
				29B97316FDCFA39411CA2CEA /* main.m */,
			);
			name = "Other Sources";
			sourceTree = "<group>";
		};
		29B97317FDCFA39411CA2CEA /* Resources */ = {
			isa = PBXGroup;
			children = (
				2899E5210DE3E06400AC0155 /* MainMenuViewController.xib */,
				77D808050F2ABA0700ACFE7E /* RenderViewController.xib */,
				77826612177BA15B00694299 /* Default-568h@2x.png */,
				771AA9710F34C09400E5055D /* Default.png */,
				771AA96B0F34BE2500E5055D /* Icon.png */,
				8D1107310486CEB800E47090 /* Info.plist */,
				28AD733E0D9D9553002E5188 /* MainWindow.xib */,
				775A63090F51120F00E4BF1D /* sandstone.png */,
			);
			name = Resources;
			sourceTree = "<group>";
		};
		29B97323FDCFA39411CA2CEA /* Frameworks */ = {
			isa = PBXGroup;
			children = (
				1DF5F4DF0D08C38300B7A737 /* UIKit.framework */,
				77D8089E0F2ABF4700ACFE7E /* QuartzCore.framework */,
				77D808940F2ABEB000ACFE7E /* OpenGLES.framework */,
				1D30AB110D05D00D00671497 /* Foundation.framework */,
				288765A40DF7441C002DB57D /* CoreGraphics.framework */,
			);
			name = Frameworks;
			sourceTree = "<group>";
		};
		77942550102FA33A00EE9063 /* Model */ = {
			isa = PBXGroup;
			children = (
				7709214F0FF668AD001E8115 /* BasReliefRendering.h */,
				770921500FF668AD001E8115 /* BasReliefRendering.m */,
				77D4D6C710310D6F0049D8CC /* BasReliefMaterial.h */,
				77D4D6C810310D6F0049D8CC /* BasReliefMaterial.m */,
			);
			name = Model;
			sourceTree = "<group>";
		};
		77942551102FA34F00EE9063 /* View */ = {
			isa = PBXGroup;
			children = (
				77D807C70F2AB7C700ACFE7E /* OpenGLRenderView.h */,
				77D807C80F2AB7C700ACFE7E /* OpenGLRenderView.m */,
				777855A51041A24700CDFB22 /* RenderView.h */,
				777855A61041A24700CDFB22 /* RenderView.m */,
			);
			name = View;
			sourceTree = "<group>";
		};
		77942552102FA37F00EE9063 /* Controller */ = {
			isa = PBXGroup;
			children = (
				28D7ACF60DDB3853001CB0EB /* MainMenuViewController.h */,
				28D7ACF70DDB3853001CB0EB /* MainMenuViewController.m */,
				774C49EF0FE73F06009821E2 /* RenderViewController.h */,
				774C49F00FE73F06009821E2 /* RenderViewController.m */,
			);
			name = Controller;
			sourceTree = "<group>";
		};
		77DE97BC10246059000153F3 /* Source */ = {
			isa = PBXGroup;
			children = (
				77DE97BD10246059000153F3 /* BitmapAccessor.h */,
				77DE97BE10246059000153F3 /* BitmapAccessor.m */,
				77DE97BF10246059000153F3 /* brgeom.h */,
				77DE97C010246059000153F3 /* brgreom.c */,
				7795D843102B007400B4CB1C /* LightSource.h */,
				7795D844102B007400B4CB1C /* LightSource.c */,
			);
			path = Source;
			sourceTree = "<group>";
		};
/* End PBXGroup section */

/* Begin PBXNativeTarget section */
		1D6058900D05DD3D006BFB54 /* BasRelief */ = {
			isa = PBXNativeTarget;
			buildConfigurationList = 1D6058960D05DD3E006BFB54 /* Build configuration list for PBXNativeTarget "BasRelief" */;
			buildPhases = (
				1D60588D0D05DD3D006BFB54 /* Resources */,
				1D60588E0D05DD3D006BFB54 /* Sources */,
				1D60588F0D05DD3D006BFB54 /* Frameworks */,
			);
			buildRules = (
			);
			dependencies = (
			);
			name = BasRelief;
			productName = BasRelief;
			productReference = 1D6058910D05DD3D006BFB54 /* BasRelief.app */;
			productType = "com.apple.product-type.application";
		};
/* End PBXNativeTarget section */

/* Begin PBXProject section */
		29B97313FDCFA39411CA2CEA /* Project object */ = {
			isa = PBXProject;
			attributes = {
				LastUpgradeCheck = 0460;
			};
			buildConfigurationList = C01FCF4E08A954540054247B /* Build configuration list for PBXProject "BasRelief" */;
			compatibilityVersion = "Xcode 3.2";
			developmentRegion = English;
			hasScannedForEncodings = 1;
			knownRegions = (
				en,
			);
			mainGroup = 29B97314FDCFA39411CA2CEA /* CustomTemplate */;
			projectDirPath = "";
			projectRoot = "";
			targets = (
				1D6058900D05DD3D006BFB54 /* BasRelief */,
			);
		};
/* End PBXProject section */

/* Begin PBXResourcesBuildPhase section */
		1D60588D0D05DD3D006BFB54 /* Resources */ = {
			isa = PBXResourcesBuildPhase;
			buildActionMask = 2147483647;
			files = (
				77B0FAA3107A7CA900C6C9CB /* MainMenuViewController.xib in Resources */,
				28AD733F0D9D9553002E5188 /* MainWindow.xib in Resources */,
				77D808060F2ABA0700ACFE7E /* RenderViewController.xib in Resources */,
				771AA96C0F34BE2500E5055D /* Icon.png in Resources */,
				771AA9720F34C09400E5055D /* Default.png in Resources */,
				775A630A0F51120F00E4BF1D /* sandstone.png in Resources */,
				77826613177BA15B00694299 /* Default-568h@2x.png in Resources */,
			);
			runOnlyForDeploymentPostprocessing = 0;
		};
/* End PBXResourcesBuildPhase section */

/* Begin PBXSourcesBuildPhase section */
		1D60588E0D05DD3D006BFB54 /* Sources */ = {
			isa = PBXSourcesBuildPhase;
			buildActionMask = 2147483647;
			files = (
				1D60589B0D05DD56006BFB54 /* main.m in Sources */,
				1D3623260D0F684500981E51 /* BasReliefAppDelegate.m in Sources */,
				28D7ACF80DDB3853001CB0EB /* MainMenuViewController.m in Sources */,
				77D807C90F2AB7C700ACFE7E /* OpenGLRenderView.m in Sources */,
				774C49F10FE73F06009821E2 /* RenderViewController.m in Sources */,
				770921510FF668AD001E8115 /* BasReliefRendering.m in Sources */,
				77DE97C110246059000153F3 /* BitmapAccessor.m in Sources */,
				77DE97C210246059000153F3 /* brgreom.c in Sources */,
				7795D845102B007400B4CB1C /* LightSource.c in Sources */,
				77D4D6C910310D6F0049D8CC /* BasReliefMaterial.m in Sources */,
				777855A71041A24700CDFB22 /* RenderView.m in Sources */,
			);
			runOnlyForDeploymentPostprocessing = 0;
		};
/* End PBXSourcesBuildPhase section */

/* Begin XCBuildConfiguration section */
		1D6058940D05DD3E006BFB54 /* Debug */ = {
			isa = XCBuildConfiguration;
			buildSettings = {
				ALWAYS_SEARCH_USER_PATHS = NO;
				"CODE_SIGN_IDENTITY[sdk=iphoneos3.1.2]" = "iPhone Developer: Daniel Mueller (W6SDP3V5AV)";
				COPY_PHASE_STRIP = NO;
				GCC_DYNAMIC_NO_PIC = NO;
				GCC_OPTIMIZATION_LEVEL = 0;
				GCC_PRECOMPILE_PREFIX_HEADER = YES;
				GCC_PREFIX_HEADER = BasRelief_Prefix.pch;
				INFOPLIST_FILE = Info.plist;
				IPHONEOS_DEPLOYMENT_TARGET = 6.0;
				PRODUCT_NAME = BasRelief;
				"PROVISIONING_PROFILE[sdk=iphoneos3.1.2]" = "18F39E4A-9BDF-41B2-BCF5-DB256E5899CB";
				TARGETED_DEVICE_FAMILY = 1;
			};
			name = Debug;
		};
		1D6058950D05DD3E006BFB54 /* Release */ = {
			isa = XCBuildConfiguration;
			buildSettings = {
				ALWAYS_SEARCH_USER_PATHS = NO;
				COPY_PHASE_STRIP = YES;
				GCC_PRECOMPILE_PREFIX_HEADER = YES;
				GCC_PREFIX_HEADER = BasRelief_Prefix.pch;
				INFOPLIST_FILE = Info.plist;
				IPHONEOS_DEPLOYMENT_TARGET = 6.0;
				PRODUCT_NAME = BasRelief;
				TARGETED_DEVICE_FAMILY = 1;
			};
			name = Release;
		};
		C01FCF4F08A954540054247B /* Debug */ = {
			isa = XCBuildConfiguration;
			buildSettings = {
				ARCHS = "$(ARCHS_STANDARD_32_BIT)";
				"CODE_SIGN_IDENTITY[sdk=iphoneos*]" = "iPhone Developer";
				GCC_C_LANGUAGE_STANDARD = c99;
				GCC_PREPROCESSOR_DEFINITIONS = DEBUG;
				GCC_WARN_ABOUT_RETURN_TYPE = YES;
				GCC_WARN_UNUSED_VARIABLE = YES;
				ONLY_ACTIVE_ARCH = YES;
				SDKROOT = iphoneos;
			};
			name = Debug;
		};
		C01FCF5008A954540054247B /* Release */ = {
			isa = XCBuildConfiguration;
			buildSettings = {
				ARCHS = "$(ARCHS_STANDARD_32_BIT)";
				"CODE_SIGN_IDENTITY[sdk=iphoneos*]" = "iPhone Developer";
				GCC_C_LANGUAGE_STANDARD = c99;
				GCC_WARN_ABOUT_RETURN_TYPE = YES;
				GCC_WARN_UNUSED_VARIABLE = YES;
				SDKROOT = iphoneos;
			};
			name = Release;
		};
/* End XCBuildConfiguration section */

/* Begin XCConfigurationList section */
		1D6058960D05DD3E006BFB54 /* Build configuration list for PBXNativeTarget "BasRelief" */ = {
			isa = XCConfigurationList;
			buildConfigurations = (
				1D6058940D05DD3E006BFB54 /* Debug */,
				1D6058950D05DD3E006BFB54 /* Release */,
			);
			defaultConfigurationIsVisible = 0;
			defaultConfigurationName = Release;
		};
		C01FCF4E08A954540054247B /* Build configuration list for PBXProject "BasRelief" */ = {
			isa = XCConfigurationList;
			buildConfigurations = (
				C01FCF4F08A954540054247B /* Debug */,
				C01FCF5008A954540054247B /* Release */,
			);
			defaultConfigurationIsVisible = 0;
			defaultConfigurationName = Release;
		};
/* End XCConfigurationList section */
	};
	rootObject = 29B97313FDCFA39411CA2CEA /* Project object */;
}
